
Microsoft Visual Studio Solution File, Format Version 12.00
# Visual Studio Version 16
VisualStudioVersion = 16.0.33927.289
MinimumVisualStudioVersion = 10.0.40219.1
Project("{2150E333-8FDC-42A3-9474-1A3956D46DE8}") = "Task0", "Task0", "{A12FA13A-EE81-462D-B0B6-3593F4B60CB7}"
EndProject
Project("{FAE04EC0-301F-11D3-BF4B-00C04F79EFBC}") = "Tyuiu.PozhdinAA.Sprint3.Task0.V4", "Tyuiu.PozhdinAA.Sprint3.Task0.V4\Tyuiu.PozhdinAA.Sprint3.Task0.V4.csproj", "{0A425D9F-8A85-447A-85F0-D66E09BC0A65}"
EndProject
Project("{FAE04EC0-301F-11D3-BF4B-00C04F79EFBC}") = "Tyuiu.PozhdinAA.Sprint3.Task0.V4.Test", "Tyuiu.PozhdinAA.Sprint3.Task0.V4.Test\Tyuiu.PozhdinAA.Sprint3.Task0.V4.Test.csproj", "{6565F058-305D-4B20-887B-76D60EE1902E}"
EndProject
Project("{FAE04EC0-301F-11D3-BF4B-00C04F79EFBC}") = "Tyuiu.PozhdinAA.Sprint3.Task0.V4.Lib", "Tyuiu.PozhdinAA.Sprint3.Task0.V4.Lib\Tyuiu.PozhdinAA.Sprint3.Task0.V4.Lib.csproj", "{BB9EC22D-4124-4638-A9E6-B88A58064DF4}"
EndProject
Project("{2150E333-8FDC-42A3-9474-1A3956D46DE8}") = "Task1", "Task1", "{D5B178B5-7E92-4120-A0A8-D3441E3C4875}"
EndProject
Project("{FAE04EC0-301F-11D3-BF4B-00C04F79EFBC}") = "Tyuiu.PozhdinAA.Sprint3.Task1.V12", "Tyuiu.PozhdinAA.Sprint3.Task1.V12\Tyuiu.PozhdinAA.Sprint3.Task1.V12.csproj", "{CE8E8949-6792-4F56-BF39-7645FCD8316A}"
EndProject
Project("{FAE04EC0-301F-11D3-BF4B-00C04F79EFBC}") = "Tyuiu.PozhdinAA.Sprint3.Task1.V12.Lib", "Tyuiu.PozhdinAA.Sprint3.Task1.V12.Lib\Tyuiu.PozhdinAA.Sprint3.Task1.V12.Lib.csproj", "{C465A03D-05EF-4E70-9A8E-D9C8F9D4C974}"
EndProject
Project("{FAE04EC0-301F-11D3-BF4B-00C04F79EFBC}") = "Tyuiu.PozhdinAA.Sprint3.Task1.V12.Test", "Tyuiu.PozhdinAA.Sprint3.Task1.V12.Test\Tyuiu.PozhdinAA.Sprint3.Task1.V12.Test.csproj", "{67C49B66-D768-49B6-A0E2-067C0EDCD542}"
EndProject
Project("{2150E333-8FDC-42A3-9474-1A3956D46DE8}") = "Task2", "Task2", "{8B2472B2-AF7D-40D9-9878-3E7C4D3B0017}"
EndProject
Project("{FAE04EC0-301F-11D3-BF4B-00C04F79EFBC}") = "Tyuiu.PozhdinAA.Sprint3.Task2.V24", "Tyuiu.PozhdinAA.Sprint3.Task2.V24\Tyuiu.PozhdinAA.Sprint3.Task2.V24.csproj", "{C64BDE6B-47CD-4D1F-AA15-07CD43303530}"
EndProject
Project("{FAE04EC0-301F-11D3-BF4B-00C04F79EFBC}") = "Tyuiu.PozhdinAA.Sprint3.Task2.V24.Lib", "Tyuiu.PozhdinAA.Sprint3.Task2.V24.Lib\Tyuiu.PozhdinAA.Sprint3.Task2.V24.Lib.csproj", "{9EA9D7E0-9F43-491A-A285-FB1E35DDCB39}"
EndProject
Project("{FAE04EC0-301F-11D3-BF4B-00C04F79EFBC}") = "Tyuiu.PozhdinAA.Sprint3.Task2.V24.Test", "Tyuiu.PozhdinAA.Sprint3.Task2.V24.Test\Tyuiu.PozhdinAA.Sprint3.Task2.V24.Test.csproj", "{AE2FFE4B-389C-4B4F-85D7-EC1552466948}"
EndProject
Project("{2150E333-8FDC-42A3-9474-1A3956D46DE8}") = "Task3", "Task3", "{2F17FC18-A9D1-46F1-A5AC-A8DB51EEF8A4}"
EndProject
Project("{FAE04EC0-301F-11D3-BF4B-00C04F79EFBC}") = "Tyuiu.PozhdinAA.Sprint3.Task3.V25", "Tyuiu.PozhdinAA.Sprint3.Task3.V25\Tyuiu.PozhdinAA.Sprint3.Task3.V25.csproj", "{B0AB6C19-E1FC-41F9-B0A7-F6E113B0D963}"
EndProject
Project("{FAE04EC0-301F-11D3-BF4B-00C04F79EFBC}") = "Tyuiu.PozhdinAA.Sprint3.Task3.V25.Test", "Tyuiu.PozhdinAA.Sprint3.Task3.V25.Test\Tyuiu.PozhdinAA.Sprint3.Task3.V25.Test.csproj", "{386688B1-A7D6-4EF6-A3DF-92F5BFA25979}"
EndProject
Project("{FAE04EC0-301F-11D3-BF4B-00C04F79EFBC}") = "Tyuiu.PozhdinAA.Sprint3.Task3.V25.Lib", "Tyuiu.PozhdinAA.Sprint3.Task3.V25.Lib\Tyuiu.PozhdinAA.Sprint3.Task3.V25.Lib.csproj", "{33390982-F110-41E2-9F9E-F224AB1A5E9C}"
EndProject
Project("{2150E333-8FDC-42A3-9474-1A3956D46DE8}") = "Task4", "Task4", "{9E2F777D-51FE-41E7-8BA3-E7E2CFF8E2AA}"
EndProject
Project("{2150E333-8FDC-42A3-9474-1A3956D46DE8}") = "Task5", "Task5", "{A6E64F09-52BD-4BBE-B442-324609F78620}"
EndProject
Project("{2150E333-8FDC-42A3-9474-1A3956D46DE8}") = "Task6", "Task6", "{95A9F5E5-5F0E-4FDE-B479-458F0C63785D}"
EndProject
Project("{2150E333-8FDC-42A3-9474-1A3956D46DE8}") = "Task7", "Task7", "{1A15E725-6F37-4E71-8F98-E4C8E82E5F2B}"
EndProject
Project("{FAE04EC0-301F-11D3-BF4B-00C04F79EFBC}") = "Tyuiu.PozhdinAA.Sprint3.Task4.V21", "Tyuiu.PozhdinAA.Sprint3.Task4.V21\Tyuiu.PozhdinAA.Sprint3.Task4.V21.csproj", "{839ACB4D-6ED2-4728-9A77-48822DF62FD9}"
EndProject
Project("{FAE04EC0-301F-11D3-BF4B-00C04F79EFBC}") = "Tyuiu.PozhdinAA.Sprint3.Task4.V21.Lib", "Tyuiu.PozhdinAA.Sprint3.Task4.V21.Lib\Tyuiu.PozhdinAA.Sprint3.Task4.V21.Lib.csproj", "{DB41892B-0B75-453B-9E97-9219F102FFF1}"
EndProject
Project("{FAE04EC0-301F-11D3-BF4B-00C04F79EFBC}") = "Tyuiu.PozhdinAA.Sprint3.Task4.V21.Test", "Tyuiu.PozhdinAA.Sprint3.Task4.V21.Test\Tyuiu.PozhdinAA.Sprint3.Task4.V21.Test.csproj", "{7994E7A9-19B3-49D5-84EB-652FBBF0C994}"
EndProject
Project("{FAE04EC0-301F-11D3-BF4B-00C04F79EFBC}") = "Tyuiu.PozhdinAA.Sprint3.Task5.V24", "Tyuiu.PozhdinAA.Sprint3.Task5.V24\Tyuiu.PozhdinAA.Sprint3.Task5.V24.csproj", "{85823A09-14F3-4608-A13A-B7C5B964BD51}"
EndProject
Project("{FAE04EC0-301F-11D3-BF4B-00C04F79EFBC}") = "Tyuiu.PozhdinAA.Sprint3.Task5.V24.Lib", "Tyuiu.PozhdinAA.Sprint3.Task5.V24.Lib\Tyuiu.PozhdinAA.Sprint3.Task5.V24.Lib.csproj", "{8EC3B434-26DA-4BC2-A809-9D0354B5D6C9}"
EndProject
Project("{FAE04EC0-301F-11D3-BF4B-00C04F79EFBC}") = "Tyuiu.PozhdinAA.Sprint3.Task5.V24.Test", "Tyuiu.PozhdinAA.Sprint3.Task5.V24.Test\Tyuiu.PozhdinAA.Sprint3.Task5.V24.Test.csproj", "{F5ED2728-6080-4F8C-8DAE-FF24C8D0424D}"
EndProject
Global
	GlobalSection(SolutionConfigurationPlatforms) = preSolution
		Debug|Any CPU = Debug|Any CPU
		Release|Any CPU = Release|Any CPU
	EndGlobalSection
	GlobalSection(ProjectConfigurationPlatforms) = postSolution
		{0A425D9F-8A85-447A-85F0-D66E09BC0A65}.Debug|Any CPU.ActiveCfg = Debug|Any CPU
		{0A425D9F-8A85-447A-85F0-D66E09BC0A65}.Debug|Any CPU.Build.0 = Debug|Any CPU
		{0A425D9F-8A85-447A-85F0-D66E09BC0A65}.Release|Any CPU.ActiveCfg = Release|Any CPU
		{0A425D9F-8A85-447A-85F0-D66E09BC0A65}.Release|Any CPU.Build.0 = Release|Any CPU
		{6565F058-305D-4B20-887B-76D60EE1902E}.Debug|Any CPU.ActiveCfg = Debug|Any CPU
		{6565F058-305D-4B20-887B-76D60EE1902E}.Debug|Any CPU.Build.0 = Debug|Any CPU
		{6565F058-305D-4B20-887B-76D60EE1902E}.Release|Any CPU.ActiveCfg = Release|Any CPU
		{6565F058-305D-4B20-887B-76D60EE1902E}.Release|Any CPU.Build.0 = Release|Any CPU
		{BB9EC22D-4124-4638-A9E6-B88A58064DF4}.Debug|Any CPU.ActiveCfg = Debug|Any CPU
		{BB9EC22D-4124-4638-A9E6-B88A58064DF4}.Debug|Any CPU.Build.0 = Debug|Any CPU
		{BB9EC22D-4124-4638-A9E6-B88A58064DF4}.Release|Any CPU.ActiveCfg = Release|Any CPU
		{BB9EC22D-4124-4638-A9E6-B88A58064DF4}.Release|Any CPU.Build.0 = Release|Any CPU
		{CE8E8949-6792-4F56-BF39-7645FCD8316A}.Debug|Any CPU.ActiveCfg = Debug|Any CPU
		{CE8E8949-6792-4F56-BF39-7645FCD8316A}.Debug|Any CPU.Build.0 = Debug|Any CPU
		{CE8E8949-6792-4F56-BF39-7645FCD8316A}.Release|Any CPU.ActiveCfg = Release|Any CPU
		{CE8E8949-6792-4F56-BF39-7645FCD8316A}.Release|Any CPU.Build.0 = Release|Any CPU
		{C465A03D-05EF-4E70-9A8E-D9C8F9D4C974}.Debug|Any CPU.ActiveCfg = Debug|Any CPU
		{C465A03D-05EF-4E70-9A8E-D9C8F9D4C974}.Debug|Any CPU.Build.0 = Debug|Any CPU
		{C465A03D-05EF-4E70-9A8E-D9C8F9D4C974}.Release|Any CPU.ActiveCfg = Release|Any CPU
		{C465A03D-05EF-4E70-9A8E-D9C8F9D4C974}.Release|Any CPU.Build.0 = Release|Any CPU
		{67C49B66-D768-49B6-A0E2-067C0EDCD542}.Debug|Any CPU.ActiveCfg = Debug|Any CPU
		{67C49B66-D768-49B6-A0E2-067C0EDCD542}.Debug|Any CPU.Build.0 = Debug|Any CPU
		{67C49B66-D768-49B6-A0E2-067C0EDCD542}.Release|Any CPU.ActiveCfg = Release|Any CPU
		{67C49B66-D768-49B6-A0E2-067C0EDCD542}.Release|Any CPU.Build.0 = Release|Any CPU
		{C64BDE6B-47CD-4D1F-AA15-07CD43303530}.Debug|Any CPU.ActiveCfg = Debug|Any CPU
		{C64BDE6B-47CD-4D1F-AA15-07CD43303530}.Debug|Any CPU.Build.0 = Debug|Any CPU
		{C64BDE6B-47CD-4D1F-AA15-07CD43303530}.Release|Any CPU.ActiveCfg = Release|Any CPU
		{C64BDE6B-47CD-4D1F-AA15-07CD43303530}.Release|Any CPU.Build.0 = Release|Any CPU
		{9EA9D7E0-9F43-491A-A285-FB1E35DDCB39}.Debug|Any CPU.ActiveCfg = Debug|Any CPU
		{9EA9D7E0-9F43-491A-A285-FB1E35DDCB39}.Debug|Any CPU.Build.0 = Debug|Any CPU
		{9EA9D7E0-9F43-491A-A285-FB1E35DDCB39}.Release|Any CPU.ActiveCfg = Release|Any CPU
		{9EA9D7E0-9F43-491A-A285-FB1E35DDCB39}.Release|Any CPU.Build.0 = Release|Any CPU
		{AE2FFE4B-389C-4B4F-85D7-EC1552466948}.Debug|Any CPU.ActiveCfg = Debug|Any CPU
		{AE2FFE4B-389C-4B4F-85D7-EC1552466948}.Debug|Any CPU.Build.0 = Debug|Any CPU
		{AE2FFE4B-389C-4B4F-85D7-EC1552466948}.Release|Any CPU.ActiveCfg = Release|Any CPU
		{AE2FFE4B-389C-4B4F-85D7-EC1552466948}.Release|Any CPU.Build.0 = Release|Any CPU
		{B0AB6C19-E1FC-41F9-B0A7-F6E113B0D963}.Debug|Any CPU.ActiveCfg = Debug|Any CPU
		{B0AB6C19-E1FC-41F9-B0A7-F6E113B0D963}.Debug|Any CPU.Build.0 = Debug|Any CPU
		{B0AB6C19-E1FC-41F9-B0A7-F6E113B0D963}.Release|Any CPU.ActiveCfg = Release|Any CPU
		{B0AB6C19-E1FC-41F9-B0A7-F6E113B0D963}.Release|Any CPU.Build.0 = Release|Any CPU
		{386688B1-A7D6-4EF6-A3DF-92F5BFA25979}.Debug|Any CPU.ActiveCfg = Debug|Any CPU
		{386688B1-A7D6-4EF6-A3DF-92F5BFA25979}.Debug|Any CPU.Build.0 = Debug|Any CPU
		{386688B1-A7D6-4EF6-A3DF-92F5BFA25979}.Release|Any CPU.ActiveCfg = Release|Any CPU
		{386688B1-A7D6-4EF6-A3DF-92F5BFA25979}.Release|Any CPU.Build.0 = Release|Any CPU
		{33390982-F110-41E2-9F9E-F224AB1A5E9C}.Debug|Any CPU.ActiveCfg = Debug|Any CPU
		{33390982-F110-41E2-9F9E-F224AB1A5E9C}.Debug|Any CPU.Build.0 = Debug|Any CPU
		{33390982-F110-41E2-9F9E-F224AB1A5E9C}.Release|Any CPU.ActiveCfg = Release|Any CPU
		{33390982-F110-41E2-9F9E-F224AB1A5E9C}.Release|Any CPU.Build.0 = Release|Any CPU
		{839ACB4D-6ED2-4728-9A77-48822DF62FD9}.Debug|Any CPU.ActiveCfg = Debug|Any CPU
		{839ACB4D-6ED2-4728-9A77-48822DF62FD9}.Debug|Any CPU.Build.0 = Debug|Any CPU
		{839ACB4D-6ED2-4728-9A77-48822DF62FD9}.Release|Any CPU.ActiveCfg = Release|Any CPU
		{839ACB4D-6ED2-4728-9A77-48822DF62FD9}.Release|Any CPU.Build.0 = Release|Any CPU
		{DB41892B-0B75-453B-9E97-9219F102FFF1}.Debug|Any CPU.ActiveCfg = Debug|Any CPU
		{DB41892B-0B75-453B-9E97-9219F102FFF1}.Debug|Any CPU.Build.0 = Debug|Any CPU
		{DB41892B-0B75-453B-9E97-9219F102FFF1}.Release|Any CPU.ActiveCfg = Release|Any CPU
		{DB41892B-0B75-453B-9E97-9219F102FFF1}.Release|Any CPU.Build.0 = Release|Any CPU
		{7994E7A9-19B3-49D5-84EB-652FBBF0C994}.Debug|Any CPU.ActiveCfg = Debug|Any CPU
		{7994E7A9-19B3-49D5-84EB-652FBBF0C994}.Debug|Any CPU.Build.0 = Debug|Any CPU
		{7994E7A9-19B3-49D5-84EB-652FBBF0C994}.Release|Any CPU.ActiveCfg = Release|Any CPU
		{7994E7A9-19B3-49D5-84EB-652FBBF0C994}.Release|Any CPU.Build.0 = Release|Any CPU
		{85823A09-14F3-4608-A13A-B7C5B964BD51}.Debug|Any CPU.ActiveCfg = Debug|Any CPU
		{85823A09-14F3-4608-A13A-B7C5B964BD51}.Debug|Any CPU.Build.0 = Debug|Any CPU
		{85823A09-14F3-4608-A13A-B7C5B964BD51}.Release|Any CPU.ActiveCfg = Release|Any CPU
		{85823A09-14F3-4608-A13A-B7C5B964BD51}.Release|Any CPU.Build.0 = Release|Any CPU
		{8EC3B434-26DA-4BC2-A809-9D0354B5D6C9}.Debug|Any CPU.ActiveCfg = Debug|Any CPU
		{8EC3B434-26DA-4BC2-A809-9D0354B5D6C9}.Debug|Any CPU.Build.0 = Debug|Any CPU
		{8EC3B434-26DA-4BC2-A809-9D0354B5D6C9}.Release|Any CPU.ActiveCfg = Release|Any CPU
		{8EC3B434-26DA-4BC2-A809-9D0354B5D6C9}.Release|Any CPU.Build.0 = Release|Any CPU
		{F5ED2728-6080-4F8C-8DAE-FF24C8D0424D}.Debug|Any CPU.ActiveCfg = Debug|Any CPU
		{F5ED2728-6080-4F8C-8DAE-FF24C8D0424D}.Debug|Any CPU.Build.0 = Debug|Any CPU
		{F5ED2728-6080-4F8C-8DAE-FF24C8D0424D}.Release|Any CPU.ActiveCfg = Release|Any CPU
		{F5ED2728-6080-4F8C-8DAE-FF24C8D0424D}.Release|Any CPU.Build.0 = Release|Any CPU
	EndGlobalSection
	GlobalSection(SolutionProperties) = preSolution
		HideSolutionNode = FALSE
	EndGlobalSection
	GlobalSection(NestedProjects) = preSolution
		{0A425D9F-8A85-447A-85F0-D66E09BC0A65} = {A12FA13A-EE81-462D-B0B6-3593F4B60CB7}
		{6565F058-305D-4B20-887B-76D60EE1902E} = {A12FA13A-EE81-462D-B0B6-3593F4B60CB7}
		{BB9EC22D-4124-4638-A9E6-B88A58064DF4} = {A12FA13A-EE81-462D-B0B6-3593F4B60CB7}
		{CE8E8949-6792-4F56-BF39-7645FCD8316A} = {D5B178B5-7E92-4120-A0A8-D3441E3C4875}
		{C465A03D-05EF-4E70-9A8E-D9C8F9D4C974} = {D5B178B5-7E92-4120-A0A8-D3441E3C4875}
		{67C49B66-D768-49B6-A0E2-067C0EDCD542} = {D5B178B5-7E92-4120-A0A8-D3441E3C4875}
		{C64BDE6B-47CD-4D1F-AA15-07CD43303530} = {8B2472B2-AF7D-40D9-9878-3E7C4D3B0017}
		{9EA9D7E0-9F43-491A-A285-FB1E35DDCB39} = {8B2472B2-AF7D-40D9-9878-3E7C4D3B0017}
		{AE2FFE4B-389C-4B4F-85D7-EC1552466948} = {8B2472B2-AF7D-40D9-9878-3E7C4D3B0017}
		{B0AB6C19-E1FC-41F9-B0A7-F6E113B0D963} = {2F17FC18-A9D1-46F1-A5AC-A8DB51EEF8A4}
		{386688B1-A7D6-4EF6-A3DF-92F5BFA25979} = {2F17FC18-A9D1-46F1-A5AC-A8DB51EEF8A4}
		{33390982-F110-41E2-9F9E-F224AB1A5E9C} = {2F17FC18-A9D1-46F1-A5AC-A8DB51EEF8A4}
		{839ACB4D-6ED2-4728-9A77-48822DF62FD9} = {9E2F777D-51FE-41E7-8BA3-E7E2CFF8E2AA}
		{DB41892B-0B75-453B-9E97-9219F102FFF1} = {9E2F777D-51FE-41E7-8BA3-E7E2CFF8E2AA}
		{7994E7A9-19B3-49D5-84EB-652FBBF0C994} = {9E2F777D-51FE-41E7-8BA3-E7E2CFF8E2AA}
		{85823A09-14F3-4608-A13A-B7C5B964BD51} = {A6E64F09-52BD-4BBE-B442-324609F78620}
		{8EC3B434-26DA-4BC2-A809-9D0354B5D6C9} = {A6E64F09-52BD-4BBE-B442-324609F78620}
		{F5ED2728-6080-4F8C-8DAE-FF24C8D0424D} = {A6E64F09-52BD-4BBE-B442-324609F78620}
	EndGlobalSection
	GlobalSection(ExtensibilityGlobals) = postSolution
		SolutionGuid = {1FAF3C86-77AC-455F-BEF3-5C7D7574CAFE}
	EndGlobalSection
EndGlobal
